
Microsoft Visual Studio Solution File, Format Version 12.00
# Visual Studio Version 16
VisualStudioVersion = 16.0.32002.261
MinimumVisualStudioVersion = 10.0.40219.1
Project("{FAE04EC0-301F-11D3-BF4B-00C04F79EFBC}") = "TimingWheel", "TimingWheel\TimingWheel.csproj", "{FE9C98A1-2313-417F-AB2D-C9FDFF072A48}"
EndProject
Project("{FAE04EC0-301F-11D3-BF4B-00C04F79EFBC}") = "TimingWheel.ConsoleTest", "TimingWheel.ConsoleTest\TimingWheel.ConsoleTest.csproj", "{9C5DFFF9-EAB1-450E-9231-6F004180B77E}"
EndProject
Global
	GlobalSection(SolutionConfigurationPlatforms) = preSolution
		Debug|Any CPU = Debug|Any CPU
		Release|Any CPU = Release|Any CPU
	EndGlobalSection
	GlobalSection(ProjectConfigurationPlatforms) = postSolution
		{FE9C98A1-2313-417F-AB2D-C9FDFF072A48}.Debug|Any CPU.ActiveCfg = Debug|Any CPU
		{FE9C98A1-2313-417F-AB2D-C9FDFF072A48}.Debug|Any CPU.Build.0 = Debug|Any CPU
		{FE9C98A1-2313-417F-AB2D-C9FDFF072A48}.Release|Any CPU.ActiveCfg = Release|Any CPU
		{FE9C98A1-2313-417F-AB2D-C9FDFF072A48}.Release|Any CPU.Build.0 = Release|Any CPU
		{9C5DFFF9-EAB1-450E-9231-6F004180B77E}.Debug|Any CPU.ActiveCfg = Debug|Any CPU
		{9C5DFFF9-EAB1-450E-9231-6F004180B77E}.Debug|Any CPU.Build.0 = Debug|Any CPU
		{9C5DFFF9-EAB1-450E-9231-6F004180B77E}.Release|Any CPU.ActiveCfg = Release|Any CPU
		{9C5DFFF9-EAB1-450E-9231-6F004180B77E}.Release|Any CPU.Build.0 = Release|Any CPU
	EndGlobalSection
	GlobalSection(SolutionProperties) = preSolution
		HideSolutionNode = FALSE
	EndGlobalSection
	GlobalSection(ExtensibilityGlobals) = postSolution
		SolutionGuid = {17403FEB-AF8C-4E02-920D-758B653036A8}
	EndGlobalSection
EndGlobal
